version = 1
revision = 3
requires-python = ">=3.13"

[[package]]
name = "gridflock"
version = "0.1.0"
source = { virtual = "." }
dependencies = [
    { name = "svgelements" },
]

[package.metadata]
requires-dist = [{ name = "svgelements", specifier = ">=1.9.6" }]

[[package]]
name = "svgelements"
version = "1.9.6"
source = { registry = "https://pypi.org/simple" }
sdist = { url = "https://files.pythonhosted.org/packages/5d/29/1c93c94a2289675ba2ff898612f9c9a03f46d69f253bdf4da0dfc08a599d/svgelements-1.9.6.tar.gz", hash = "sha256:7c02ad6404cd3d1771fd50e40fbfc0550b0893933466f86a6eb815f3ba3f37f7", size = 162145, upload-time = "2023-08-17T02:01:51.822Z" }
wheels = [
    { url = "https://files.pythonhosted.org/packages/48/2c/6c9bb53db56c8a12a736d2158a8b842a5993b96daabc29d90a098e840280/svgelements-1.9.6-py2.py3-none-any.whl", hash = "sha256:8a5cf2cc066d98e713d5b875b1d6e5eeb9b92e855e835ebd7caab2713ae1dcad", size = 137856, upload-time = "2023-08-17T02:01:48.76Z" },
]
